
Microsoft Visual Studio Solution File, Format Version 12.00
# Visual Studio Version 17
VisualStudioVersion = 17.8.34309.116
MinimumVisualStudioVersion = 10.0.40219.1
Project("{8BC9CEB8-8B4A-11D0-8D11-00A0C91BC942}") = "Csv2BinConverter", "Csv2BinConverter\Csv2BinConverter.vcxproj", "{7E197214-BDB2-43A4-A8AE-2A36EE027C17}"
EndProject
Project("{8BC9CEB8-8B4A-11D0-8D11-00A0C91BC942}") = "pnnlib", "pnnlib\pnnlib.vcxproj", "{4702AC5F-219C-491A-BAC3-66094F30D3A7}"
EndProject
Project("{8BC9CEB8-8B4A-11D0-8D11-00A0C91BC942}") = "pnndemo", "pnndemo\pnndemo.vcxproj", "{DEF3DFD9-D43D-44AA-BEE0-CA84FB88127E}"
EndProject
Project("{8BC9CEB8-8B4A-11D0-8D11-00A0C91BC942}") = "pnntest", "pnntest\pnntest.vcxproj", "{BE378668-C87E-4BF9-8D00-D7B6A25AFDF7}"
EndProject
Global
	GlobalSection(SolutionConfigurationPlatforms) = preSolution
		Debug|x64 = Debug|x64
		Debug|x86 = Debug|x86
		Release|x64 = Release|x64
		Release|x86 = Release|x86
	EndGlobalSection
	GlobalSection(ProjectConfigurationPlatforms) = postSolution
		{7E197214-BDB2-43A4-A8AE-2A36EE027C17}.Debug|x64.ActiveCfg = Debug|x64
		{7E197214-BDB2-43A4-A8AE-2A36EE027C17}.Debug|x64.Build.0 = Debug|x64
		{7E197214-BDB2-43A4-A8AE-2A36EE027C17}.Debug|x86.ActiveCfg = Debug|Win32
		{7E197214-BDB2-43A4-A8AE-2A36EE027C17}.Debug|x86.Build.0 = Debug|Win32
		{7E197214-BDB2-43A4-A8AE-2A36EE027C17}.Release|x64.ActiveCfg = Release|x64
		{7E197214-BDB2-43A4-A8AE-2A36EE027C17}.Release|x64.Build.0 = Release|x64
		{7E197214-BDB2-43A4-A8AE-2A36EE027C17}.Release|x86.ActiveCfg = Release|Win32
		{7E197214-BDB2-43A4-A8AE-2A36EE027C17}.Release|x86.Build.0 = Release|Win32
		{4702AC5F-219C-491A-BAC3-66094F30D3A7}.Debug|x64.ActiveCfg = Debug|x64
		{4702AC5F-219C-491A-BAC3-66094F30D3A7}.Debug|x64.Build.0 = Debug|x64
		{4702AC5F-219C-491A-BAC3-66094F30D3A7}.Debug|x86.ActiveCfg = Debug|Win32
		{4702AC5F-219C-491A-BAC3-66094F30D3A7}.Debug|x86.Build.0 = Debug|Win32
		{4702AC5F-219C-491A-BAC3-66094F30D3A7}.Release|x64.ActiveCfg = Release|x64
		{4702AC5F-219C-491A-BAC3-66094F30D3A7}.Release|x64.Build.0 = Release|x64
		{4702AC5F-219C-491A-BAC3-66094F30D3A7}.Release|x86.ActiveCfg = Release|Win32
		{4702AC5F-219C-491A-BAC3-66094F30D3A7}.Release|x86.Build.0 = Release|Win32
		{DEF3DFD9-D43D-44AA-BEE0-CA84FB88127E}.Debug|x64.ActiveCfg = Debug|x64
		{DEF3DFD9-D43D-44AA-BEE0-CA84FB88127E}.Debug|x64.Build.0 = Debug|x64
		{DEF3DFD9-D43D-44AA-BEE0-CA84FB88127E}.Debug|x86.ActiveCfg = Debug|Win32
		{DEF3DFD9-D43D-44AA-BEE0-CA84FB88127E}.Debug|x86.Build.0 = Debug|Win32
		{DEF3DFD9-D43D-44AA-BEE0-CA84FB88127E}.Release|x64.ActiveCfg = Release|x64
		{DEF3DFD9-D43D-44AA-BEE0-CA84FB88127E}.Release|x64.Build.0 = Release|x64
		{DEF3DFD9-D43D-44AA-BEE0-CA84FB88127E}.Release|x86.ActiveCfg = Release|Win32
		{DEF3DFD9-D43D-44AA-BEE0-CA84FB88127E}.Release|x86.Build.0 = Release|Win32
		{BE378668-C87E-4BF9-8D00-D7B6A25AFDF7}.Debug|x64.ActiveCfg = Debug|x64
		{BE378668-C87E-4BF9-8D00-D7B6A25AFDF7}.Debug|x64.Build.0 = Debug|x64
		{BE378668-C87E-4BF9-8D00-D7B6A25AFDF7}.Debug|x86.ActiveCfg = Debug|Win32
		{BE378668-C87E-4BF9-8D00-D7B6A25AFDF7}.Debug|x86.Build.0 = Debug|Win32
		{BE378668-C87E-4BF9-8D00-D7B6A25AFDF7}.Release|x64.ActiveCfg = Release|x64
		{BE378668-C87E-4BF9-8D00-D7B6A25AFDF7}.Release|x64.Build.0 = Release|x64
		{BE378668-C87E-4BF9-8D00-D7B6A25AFDF7}.Release|x86.ActiveCfg = Release|Win32
		{BE378668-C87E-4BF9-8D00-D7B6A25AFDF7}.Release|x86.Build.0 = Release|Win32
	EndGlobalSection
	GlobalSection(SolutionProperties) = preSolution
		HideSolutionNode = FALSE
	EndGlobalSection
	GlobalSection(ExtensibilityGlobals) = postSolution
		SolutionGuid = {2B977F8B-B628-4959-A4A3-0391A55A6B5C}
	EndGlobalSection
EndGlobal
